
Microsoft Visual Studio Solution File, Format Version 12.00
# Visual Studio Version 17
VisualStudioVersion = 17.9.34902.65
MinimumVisualStudioVersion = 10.0.40219.1
Project("{FAE04EC0-301F-11D3-BF4B-00C04F79EFBC}") = "HavaDurumu", "HavaDurumu\HavaDurumu.csproj", "{C6A1FA7A-7810-4BDA-98EE-34E2D44C623E}"
EndProject
Global
	GlobalSection(SolutionConfigurationPlatforms) = preSolution
		Debug|Any CPU = Debug|Any CPU
		Release|Any CPU = Release|Any CPU
	EndGlobalSection
	GlobalSection(ProjectConfigurationPlatforms) = postSolution
		{C6A1FA7A-7810-4BDA-98EE-34E2D44C623E}.Debug|Any CPU.ActiveCfg = Debug|Any CPU
		{C6A1FA7A-7810-4BDA-98EE-34E2D44C623E}.Debug|Any CPU.Build.0 = Debug|Any CPU
		{C6A1FA7A-7810-4BDA-98EE-34E2D44C623E}.Release|Any CPU.ActiveCfg = Release|Any CPU
		{C6A1FA7A-7810-4BDA-98EE-34E2D44C623E}.Release|Any CPU.Build.0 = Release|Any CPU
	EndGlobalSection
	GlobalSection(SolutionProperties) = preSolution
		HideSolutionNode = FALSE
	EndGlobalSection
	GlobalSection(ExtensibilityGlobals) = postSolution
		SolutionGuid = {DBB17FD7-7FED-4098-A7DB-8670012A98E5}
	EndGlobalSection
EndGlobal
